
Microsoft Visual Studio Solution File, Format Version 12.00
# Visual Studio Version 16
VisualStudioVersion = 16.0.28803.202
MinimumVisualStudioVersion = 15.0.26124.0
Project("{2150E333-8FDC-42A3-9474-1A3956D46DE8}") = "src", "src", "{DF3BBB9B-59DF-4827-AF3B-712F0ED95C1B}"
EndProject
Project("{9A19103F-16F7-4668-BE54-9A1E7A4F7556}") = "SoftwarePioniere.EventStore", "src\SoftwarePioniere.EventStore\SoftwarePioniere.EventStore.csproj", "{8B471FB1-0097-4D72-AFFB-21144CF4EAEA}"
EndProject
Project("{2150E333-8FDC-42A3-9474-1A3956D46DE8}") = "test", "test", "{A25BE4DA-2612-45CD-A7F5-DAB0E683DD0D}"
EndProject
Project("{9A19103F-16F7-4668-BE54-9A1E7A4F7556}") = "SoftwarePioniere.EventStore.Tests", "test\SoftwarePioniere.EventStore.Tests\SoftwarePioniere.EventStore.Tests.csproj", "{3229DBA8-55E8-4E38-B78B-D623A9DE6443}"
EndProject
Project("{9A19103F-16F7-4668-BE54-9A1E7A4F7556}") = "SoftwarePioniere.DomainModel.Services.EventStore", "src\SoftwarePioniere.DomainModel.Services.EventStore\SoftwarePioniere.DomainModel.Services.EventStore.csproj", "{27EFC10D-B3E0-4A8D-92CD-11B121370B1C}"
EndProject
Project("{9A19103F-16F7-4668-BE54-9A1E7A4F7556}") = "SoftwarePioniere.EventStore.TestHarness", "src\SoftwarePioniere.EventStore.TestHarness\SoftwarePioniere.EventStore.TestHarness.csproj", "{FA7D1822-3541-40A4-BC48-B4946A8C4FA5}"
EndProject
Project("{2150E333-8FDC-42A3-9474-1A3956D46DE8}") = "Solution Items", "Solution Items", "{ED2E980B-CF73-43D7-AF78-5E5BA659B282}"
	ProjectSection(SolutionItems) = preProject
		Directory.Build.props = Directory.Build.props
		Dockerfile = Dockerfile
	EndProjectSection
EndProject
Project("{9A19103F-16F7-4668-BE54-9A1E7A4F7556}") = "SoftwarePioniere.Projections.Services.EventStore", "src\SoftwarePioniere.Projections.Services.EventStore\SoftwarePioniere.Projections.Services.EventStore.csproj", "{DA8A4F9F-B193-4EED-A70A-1DE962349907}"
EndProject
Project("{9A19103F-16F7-4668-BE54-9A1E7A4F7556}") = "SoftwarePioniere.EventStore.Cluster.Tests", "test\SoftwarePioniere.EventStore.Cluster.Tests\SoftwarePioniere.EventStore.Cluster.Tests.csproj", "{AEA17360-302C-4C25-8D1C-E7E0B715D165}"
EndProject
Global
	GlobalSection(SolutionConfigurationPlatforms) = preSolution
		Debug|Any CPU = Debug|Any CPU
		Debug|x64 = Debug|x64
		Debug|x86 = Debug|x86
		Release|Any CPU = Release|Any CPU
		Release|x64 = Release|x64
		Release|x86 = Release|x86
	EndGlobalSection
	GlobalSection(ProjectConfigurationPlatforms) = postSolution
		{8B471FB1-0097-4D72-AFFB-21144CF4EAEA}.Debug|Any CPU.ActiveCfg = Debug|Any CPU
		{8B471FB1-0097-4D72-AFFB-21144CF4EAEA}.Debug|Any CPU.Build.0 = Debug|Any CPU
		{8B471FB1-0097-4D72-AFFB-21144CF4EAEA}.Debug|x64.ActiveCfg = Debug|Any CPU
		{8B471FB1-0097-4D72-AFFB-21144CF4EAEA}.Debug|x64.Build.0 = Debug|Any CPU
		{8B471FB1-0097-4D72-AFFB-21144CF4EAEA}.Debug|x86.ActiveCfg = Debug|Any CPU
		{8B471FB1-0097-4D72-AFFB-21144CF4EAEA}.Debug|x86.Build.0 = Debug|Any CPU
		{8B471FB1-0097-4D72-AFFB-21144CF4EAEA}.Release|Any CPU.ActiveCfg = Release|Any CPU
		{8B471FB1-0097-4D72-AFFB-21144CF4EAEA}.Release|Any CPU.Build.0 = Release|Any CPU
		{8B471FB1-0097-4D72-AFFB-21144CF4EAEA}.Release|x64.ActiveCfg = Release|Any CPU
		{8B471FB1-0097-4D72-AFFB-21144CF4EAEA}.Release|x64.Build.0 = Release|Any CPU
		{8B471FB1-0097-4D72-AFFB-21144CF4EAEA}.Release|x86.ActiveCfg = Release|Any CPU
		{8B471FB1-0097-4D72-AFFB-21144CF4EAEA}.Release|x86.Build.0 = Release|Any CPU
		{3229DBA8-55E8-4E38-B78B-D623A9DE6443}.Debug|Any CPU.ActiveCfg = Debug|Any CPU
		{3229DBA8-55E8-4E38-B78B-D623A9DE6443}.Debug|Any CPU.Build.0 = Debug|Any CPU
		{3229DBA8-55E8-4E38-B78B-D623A9DE6443}.Debug|x64.ActiveCfg = Debug|Any CPU
		{3229DBA8-55E8-4E38-B78B-D623A9DE6443}.Debug|x64.Build.0 = Debug|Any CPU
		{3229DBA8-55E8-4E38-B78B-D623A9DE6443}.Debug|x86.ActiveCfg = Debug|Any CPU
		{3229DBA8-55E8-4E38-B78B-D623A9DE6443}.Debug|x86.Build.0 = Debug|Any CPU
		{3229DBA8-55E8-4E38-B78B-D623A9DE6443}.Release|Any CPU.ActiveCfg = Release|Any CPU
		{3229DBA8-55E8-4E38-B78B-D623A9DE6443}.Release|Any CPU.Build.0 = Release|Any CPU
		{3229DBA8-55E8-4E38-B78B-D623A9DE6443}.Release|x64.ActiveCfg = Release|Any CPU
		{3229DBA8-55E8-4E38-B78B-D623A9DE6443}.Release|x64.Build.0 = Release|Any CPU
		{3229DBA8-55E8-4E38-B78B-D623A9DE6443}.Release|x86.ActiveCfg = Release|Any CPU
		{3229DBA8-55E8-4E38-B78B-D623A9DE6443}.Release|x86.Build.0 = Release|Any CPU
		{27EFC10D-B3E0-4A8D-92CD-11B121370B1C}.Debug|Any CPU.ActiveCfg = Debug|Any CPU
		{27EFC10D-B3E0-4A8D-92CD-11B121370B1C}.Debug|Any CPU.Build.0 = Debug|Any CPU
		{27EFC10D-B3E0-4A8D-92CD-11B121370B1C}.Debug|x64.ActiveCfg = Debug|Any CPU
		{27EFC10D-B3E0-4A8D-92CD-11B121370B1C}.Debug|x64.Build.0 = Debug|Any CPU
		{27EFC10D-B3E0-4A8D-92CD-11B121370B1C}.Debug|x86.ActiveCfg = Debug|Any CPU
		{27EFC10D-B3E0-4A8D-92CD-11B121370B1C}.Debug|x86.Build.0 = Debug|Any CPU
		{27EFC10D-B3E0-4A8D-92CD-11B121370B1C}.Release|Any CPU.ActiveCfg = Release|Any CPU
		{27EFC10D-B3E0-4A8D-92CD-11B121370B1C}.Release|Any CPU.Build.0 = Release|Any CPU
		{27EFC10D-B3E0-4A8D-92CD-11B121370B1C}.Release|x64.ActiveCfg = Release|Any CPU
		{27EFC10D-B3E0-4A8D-92CD-11B121370B1C}.Release|x64.Build.0 = Release|Any CPU
		{27EFC10D-B3E0-4A8D-92CD-11B121370B1C}.Release|x86.ActiveCfg = Release|Any CPU
		{27EFC10D-B3E0-4A8D-92CD-11B121370B1C}.Release|x86.Build.0 = Release|Any CPU
		{FA7D1822-3541-40A4-BC48-B4946A8C4FA5}.Debug|Any CPU.ActiveCfg = Debug|Any CPU
		{FA7D1822-3541-40A4-BC48-B4946A8C4FA5}.Debug|Any CPU.Build.0 = Debug|Any CPU
		{FA7D1822-3541-40A4-BC48-B4946A8C4FA5}.Debug|x64.ActiveCfg = Debug|Any CPU
		{FA7D1822-3541-40A4-BC48-B4946A8C4FA5}.Debug|x64.Build.0 = Debug|Any CPU
		{FA7D1822-3541-40A4-BC48-B4946A8C4FA5}.Debug|x86.ActiveCfg = Debug|Any CPU
		{FA7D1822-3541-40A4-BC48-B4946A8C4FA5}.Debug|x86.Build.0 = Debug|Any CPU
		{FA7D1822-3541-40A4-BC48-B4946A8C4FA5}.Release|Any CPU.ActiveCfg = Release|Any CPU
		{FA7D1822-3541-40A4-BC48-B4946A8C4FA5}.Release|Any CPU.Build.0 = Release|Any CPU
		{FA7D1822-3541-40A4-BC48-B4946A8C4FA5}.Release|x64.ActiveCfg = Release|Any CPU
		{FA7D1822-3541-40A4-BC48-B4946A8C4FA5}.Release|x64.Build.0 = Release|Any CPU
		{FA7D1822-3541-40A4-BC48-B4946A8C4FA5}.Release|x86.ActiveCfg = Release|Any CPU
		{FA7D1822-3541-40A4-BC48-B4946A8C4FA5}.Release|x86.Build.0 = Release|Any CPU
		{DA8A4F9F-B193-4EED-A70A-1DE962349907}.Debug|Any CPU.ActiveCfg = Debug|Any CPU
		{DA8A4F9F-B193-4EED-A70A-1DE962349907}.Debug|Any CPU.Build.0 = Debug|Any CPU
		{DA8A4F9F-B193-4EED-A70A-1DE962349907}.Debug|x64.ActiveCfg = Debug|Any CPU
		{DA8A4F9F-B193-4EED-A70A-1DE962349907}.Debug|x64.Build.0 = Debug|Any CPU
		{DA8A4F9F-B193-4EED-A70A-1DE962349907}.Debug|x86.ActiveCfg = Debug|Any CPU
		{DA8A4F9F-B193-4EED-A70A-1DE962349907}.Debug|x86.Build.0 = Debug|Any CPU
		{DA8A4F9F-B193-4EED-A70A-1DE962349907}.Release|Any CPU.ActiveCfg = Release|Any CPU
		{DA8A4F9F-B193-4EED-A70A-1DE962349907}.Release|Any CPU.Build.0 = Release|Any CPU
		{DA8A4F9F-B193-4EED-A70A-1DE962349907}.Release|x64.ActiveCfg = Release|Any CPU
		{DA8A4F9F-B193-4EED-A70A-1DE962349907}.Release|x64.Build.0 = Release|Any CPU
		{DA8A4F9F-B193-4EED-A70A-1DE962349907}.Release|x86.ActiveCfg = Release|Any CPU
		{DA8A4F9F-B193-4EED-A70A-1DE962349907}.Release|x86.Build.0 = Release|Any CPU
		{AEA17360-302C-4C25-8D1C-E7E0B715D165}.Debug|Any CPU.ActiveCfg = Debug|Any CPU
		{AEA17360-302C-4C25-8D1C-E7E0B715D165}.Debug|Any CPU.Build.0 = Debug|Any CPU
		{AEA17360-302C-4C25-8D1C-E7E0B715D165}.Debug|x64.ActiveCfg = Debug|Any CPU
		{AEA17360-302C-4C25-8D1C-E7E0B715D165}.Debug|x64.Build.0 = Debug|Any CPU
		{AEA17360-302C-4C25-8D1C-E7E0B715D165}.Debug|x86.ActiveCfg = Debug|Any CPU
		{AEA17360-302C-4C25-8D1C-E7E0B715D165}.Debug|x86.Build.0 = Debug|Any CPU
		{AEA17360-302C-4C25-8D1C-E7E0B715D165}.Release|Any CPU.ActiveCfg = Release|Any CPU
		{AEA17360-302C-4C25-8D1C-E7E0B715D165}.Release|Any CPU.Build.0 = Release|Any CPU
		{AEA17360-302C-4C25-8D1C-E7E0B715D165}.Release|x64.ActiveCfg = Release|Any CPU
		{AEA17360-302C-4C25-8D1C-E7E0B715D165}.Release|x64.Build.0 = Release|Any CPU
		{AEA17360-302C-4C25-8D1C-E7E0B715D165}.Release|x86.ActiveCfg = Release|Any CPU
		{AEA17360-302C-4C25-8D1C-E7E0B715D165}.Release|x86.Build.0 = Release|Any CPU
	EndGlobalSection
	GlobalSection(SolutionProperties) = preSolution
		HideSolutionNode = FALSE
	EndGlobalSection
	GlobalSection(NestedProjects) = preSolution
		{8B471FB1-0097-4D72-AFFB-21144CF4EAEA} = {DF3BBB9B-59DF-4827-AF3B-712F0ED95C1B}
		{3229DBA8-55E8-4E38-B78B-D623A9DE6443} = {A25BE4DA-2612-45CD-A7F5-DAB0E683DD0D}
		{27EFC10D-B3E0-4A8D-92CD-11B121370B1C} = {DF3BBB9B-59DF-4827-AF3B-712F0ED95C1B}
		{FA7D1822-3541-40A4-BC48-B4946A8C4FA5} = {DF3BBB9B-59DF-4827-AF3B-712F0ED95C1B}
		{DA8A4F9F-B193-4EED-A70A-1DE962349907} = {DF3BBB9B-59DF-4827-AF3B-712F0ED95C1B}
		{AEA17360-302C-4C25-8D1C-E7E0B715D165} = {A25BE4DA-2612-45CD-A7F5-DAB0E683DD0D}
	EndGlobalSection
	GlobalSection(ExtensibilityGlobals) = postSolution
		SolutionGuid = {A81A2BD7-EE52-483C-B414-1F876FF2FC42}
	EndGlobalSection
EndGlobal
